
Microsoft Visual Studio Solution File, Format Version 12.00
# Visual Studio Version 17
VisualStudioVersion = 17.14.36414.22 d17.14
MinimumVisualStudioVersion = 10.0.40219.1
Project("{FAE04EC0-301F-11D3-BF4B-00C04F79EFBC}") = "Stairs", "Stairs\Stairs.csproj", "{6499354F-7635-4E00-944E-7740C7D038EE}"
EndProject
Global
	GlobalSection(SolutionConfigurationPlatforms) = preSolution
		Debug|Any CPU = Debug|Any CPU
		Release|Any CPU = Release|Any CPU
	EndGlobalSection
	GlobalSection(ProjectConfigurationPlatforms) = postSolution
		{6499354F-7635-4E00-944E-7740C7D038EE}.Debug|Any CPU.ActiveCfg = Debug|Any CPU
		{6499354F-7635-4E00-944E-7740C7D038EE}.Debug|Any CPU.Build.0 = Debug|Any CPU
		{6499354F-7635-4E00-944E-7740C7D038EE}.Release|Any CPU.ActiveCfg = Release|Any CPU
		{6499354F-7635-4E00-944E-7740C7D038EE}.Release|Any CPU.Build.0 = Release|Any CPU
	EndGlobalSection
	GlobalSection(SolutionProperties) = preSolution
		HideSolutionNode = FALSE
	EndGlobalSection
	GlobalSection(ExtensibilityGlobals) = postSolution
		SolutionGuid = {E67AADF0-CA2C-454A-8D2B-6E6B32EBAF9C}
	EndGlobalSection
EndGlobal
