
Microsoft Visual Studio Solution File, Format Version 12.00
# Visual Studio Version 17
VisualStudioVersion = 17.14.36414.22 d17.14
MinimumVisualStudioVersion = 10.0.40219.1
Project("{FAE04EC0-301F-11D3-BF4B-00C04F79EFBC}") = "Gradiant", "Gradiant\Gradiant.csproj", "{D355A2BA-E5AF-4F4A-8ABC-BAA98C813749}"
EndProject
Global
	GlobalSection(SolutionConfigurationPlatforms) = preSolution
		Debug|Any CPU = Debug|Any CPU
		Release|Any CPU = Release|Any CPU
	EndGlobalSection
	GlobalSection(ProjectConfigurationPlatforms) = postSolution
		{D355A2BA-E5AF-4F4A-8ABC-BAA98C813749}.Debug|Any CPU.ActiveCfg = Debug|Any CPU
		{D355A2BA-E5AF-4F4A-8ABC-BAA98C813749}.Debug|Any CPU.Build.0 = Debug|Any CPU
		{D355A2BA-E5AF-4F4A-8ABC-BAA98C813749}.Release|Any CPU.ActiveCfg = Release|Any CPU
		{D355A2BA-E5AF-4F4A-8ABC-BAA98C813749}.Release|Any CPU.Build.0 = Release|Any CPU
	EndGlobalSection
	GlobalSection(SolutionProperties) = preSolution
		HideSolutionNode = FALSE
	EndGlobalSection
	GlobalSection(ExtensibilityGlobals) = postSolution
		SolutionGuid = {F6B24470-EEEA-4F39-84C9-7FDD36DA334F}
	EndGlobalSection
EndGlobal
